
Microsoft Visual Studio Solution File, Format Version 12.00
# Visual Studio Version 16
VisualStudioVersion = 16.0.30717.126
MinimumVisualStudioVersion = 10.0.40219.1
Project("{FAE04EC0-301F-11D3-BF4B-00C04F79EFBC}") = "SampleXamarinMDP.UWP", "SampleXamarinMDP\SampleXamarinMDP.UWP\SampleXamarinMDP.UWP.csproj", "{84F4E609-3D50-4F10-A436-E741C8DE1510}"
EndProject
Project("{FAE04EC0-301F-11D3-BF4B-00C04F79EFBC}") = "SampleXamarinMDP.Android", "SampleXamarinMDP\SampleXamarinMDP.Android\SampleXamarinMDP.Android.csproj", "{6DADC305-2EAA-4CAF-A9F2-78D2E4319A0D}"
EndProject
Project("{FAE04EC0-301F-11D3-BF4B-00C04F79EFBC}") = "SampleXamarinMDP.iOS", "SampleXamarinMDP\SampleXamarinMDP.iOS\SampleXamarinMDP.iOS.csproj", "{12785FBF-C19F-43C2-93D5-666154E5E007}"
EndProject
Project("{FAE04EC0-301F-11D3-BF4B-00C04F79EFBC}") = "SampleXamarinMDP", "SampleXamarinMDP\SampleXamarinMDP\SampleXamarinMDP.csproj", "{F915139D-7CCA-4FFC-BE3F-9439A3669164}"
EndProject
Global
	GlobalSection(SolutionConfigurationPlatforms) = preSolution
		Debug|Any CPU = Debug|Any CPU
		Debug|ARM = Debug|ARM
		Debug|iPhone = Debug|iPhone
		Debug|iPhoneSimulator = Debug|iPhoneSimulator
		Debug|x64 = Debug|x64
		Debug|x86 = Debug|x86
		Release|Any CPU = Release|Any CPU
		Release|ARM = Release|ARM
		Release|iPhone = Release|iPhone
		Release|iPhoneSimulator = Release|iPhoneSimulator
		Release|x64 = Release|x64
		Release|x86 = Release|x86
	EndGlobalSection
	GlobalSection(ProjectConfigurationPlatforms) = postSolution
		{84F4E609-3D50-4F10-A436-E741C8DE1510}.Debug|Any CPU.ActiveCfg = Debug|x86
		{84F4E609-3D50-4F10-A436-E741C8DE1510}.Debug|Any CPU.Build.0 = Debug|x86
		{84F4E609-3D50-4F10-A436-E741C8DE1510}.Debug|Any CPU.Deploy.0 = Debug|x86
		{84F4E609-3D50-4F10-A436-E741C8DE1510}.Debug|ARM.ActiveCfg = Debug|ARM
		{84F4E609-3D50-4F10-A436-E741C8DE1510}.Debug|ARM.Build.0 = Debug|ARM
		{84F4E609-3D50-4F10-A436-E741C8DE1510}.Debug|ARM.Deploy.0 = Debug|ARM
		{84F4E609-3D50-4F10-A436-E741C8DE1510}.Debug|iPhone.ActiveCfg = Debug|x86
		{84F4E609-3D50-4F10-A436-E741C8DE1510}.Debug|iPhone.Build.0 = Debug|x86
		{84F4E609-3D50-4F10-A436-E741C8DE1510}.Debug|iPhone.Deploy.0 = Debug|x86
		{84F4E609-3D50-4F10-A436-E741C8DE1510}.Debug|iPhoneSimulator.ActiveCfg = Debug|x86
		{84F4E609-3D50-4F10-A436-E741C8DE1510}.Debug|iPhoneSimulator.Build.0 = Debug|x86
		{84F4E609-3D50-4F10-A436-E741C8DE1510}.Debug|iPhoneSimulator.Deploy.0 = Debug|x86
		{84F4E609-3D50-4F10-A436-E741C8DE1510}.Debug|x64.ActiveCfg = Debug|x64
		{84F4E609-3D50-4F10-A436-E741C8DE1510}.Debug|x64.Build.0 = Debug|x64
		{84F4E609-3D50-4F10-A436-E741C8DE1510}.Debug|x64.Deploy.0 = Debug|x64
		{84F4E609-3D50-4F10-A436-E741C8DE1510}.Debug|x86.ActiveCfg = Debug|x86
		{84F4E609-3D50-4F10-A436-E741C8DE1510}.Debug|x86.Build.0 = Debug|x86
		{84F4E609-3D50-4F10-A436-E741C8DE1510}.Debug|x86.Deploy.0 = Debug|x86
		{84F4E609-3D50-4F10-A436-E741C8DE1510}.Release|Any CPU.ActiveCfg = Release|x86
		{84F4E609-3D50-4F10-A436-E741C8DE1510}.Release|Any CPU.Build.0 = Release|x86
		{84F4E609-3D50-4F10-A436-E741C8DE1510}.Release|Any CPU.Deploy.0 = Release|x86
		{84F4E609-3D50-4F10-A436-E741C8DE1510}.Release|ARM.ActiveCfg = Release|ARM
		{84F4E609-3D50-4F10-A436-E741C8DE1510}.Release|ARM.Build.0 = Release|ARM
		{84F4E609-3D50-4F10-A436-E741C8DE1510}.Release|ARM.Deploy.0 = Release|ARM
		{84F4E609-3D50-4F10-A436-E741C8DE1510}.Release|iPhone.ActiveCfg = Release|x86
		{84F4E609-3D50-4F10-A436-E741C8DE1510}.Release|iPhone.Build.0 = Release|x86
		{84F4E609-3D50-4F10-A436-E741C8DE1510}.Release|iPhone.Deploy.0 = Release|x86
		{84F4E609-3D50-4F10-A436-E741C8DE1510}.Release|iPhoneSimulator.ActiveCfg = Release|x86
		{84F4E609-3D50-4F10-A436-E741C8DE1510}.Release|iPhoneSimulator.Build.0 = Release|x86
		{84F4E609-3D50-4F10-A436-E741C8DE1510}.Release|iPhoneSimulator.Deploy.0 = Release|x86
		{84F4E609-3D50-4F10-A436-E741C8DE1510}.Release|x64.ActiveCfg = Release|x64
		{84F4E609-3D50-4F10-A436-E741C8DE1510}.Release|x64.Build.0 = Release|x64
		{84F4E609-3D50-4F10-A436-E741C8DE1510}.Release|x64.Deploy.0 = Release|x64
		{84F4E609-3D50-4F10-A436-E741C8DE1510}.Release|x86.ActiveCfg = Release|x86
		{84F4E609-3D50-4F10-A436-E741C8DE1510}.Release|x86.Build.0 = Release|x86
		{84F4E609-3D50-4F10-A436-E741C8DE1510}.Release|x86.Deploy.0 = Release|x86
		{6DADC305-2EAA-4CAF-A9F2-78D2E4319A0D}.Debug|Any CPU.ActiveCfg = Debug|Any CPU
		{6DADC305-2EAA-4CAF-A9F2-78D2E4319A0D}.Debug|Any CPU.Build.0 = Debug|Any CPU
		{6DADC305-2EAA-4CAF-A9F2-78D2E4319A0D}.Debug|Any CPU.Deploy.0 = Debug|Any CPU
		{6DADC305-2EAA-4CAF-A9F2-78D2E4319A0D}.Debug|ARM.ActiveCfg = Debug|Any CPU
		{6DADC305-2EAA-4CAF-A9F2-78D2E4319A0D}.Debug|ARM.Build.0 = Debug|Any CPU
		{6DADC305-2EAA-4CAF-A9F2-78D2E4319A0D}.Debug|ARM.Deploy.0 = Debug|Any CPU
		{6DADC305-2EAA-4CAF-A9F2-78D2E4319A0D}.Debug|iPhone.ActiveCfg = Debug|Any CPU
		{6DADC305-2EAA-4CAF-A9F2-78D2E4319A0D}.Debug|iPhone.Build.0 = Debug|Any CPU
		{6DADC305-2EAA-4CAF-A9F2-78D2E4319A0D}.Debug|iPhone.Deploy.0 = Debug|Any CPU
		{6DADC305-2EAA-4CAF-A9F2-78D2E4319A0D}.Debug|iPhoneSimulator.ActiveCfg = Debug|Any CPU
		{6DADC305-2EAA-4CAF-A9F2-78D2E4319A0D}.Debug|iPhoneSimulator.Build.0 = Debug|Any CPU
		{6DADC305-2EAA-4CAF-A9F2-78D2E4319A0D}.Debug|iPhoneSimulator.Deploy.0 = Debug|Any CPU
		{6DADC305-2EAA-4CAF-A9F2-78D2E4319A0D}.Debug|x64.ActiveCfg = Debug|Any CPU
		{6DADC305-2EAA-4CAF-A9F2-78D2E4319A0D}.Debug|x64.Build.0 = Debug|Any CPU
		{6DADC305-2EAA-4CAF-A9F2-78D2E4319A0D}.Debug|x64.Deploy.0 = Debug|Any CPU
		{6DADC305-2EAA-4CAF-A9F2-78D2E4319A0D}.Debug|x86.ActiveCfg = Debug|Any CPU
		{6DADC305-2EAA-4CAF-A9F2-78D2E4319A0D}.Debug|x86.Build.0 = Debug|Any CPU
		{6DADC305-2EAA-4CAF-A9F2-78D2E4319A0D}.Debug|x86.Deploy.0 = Debug|Any CPU
		{6DADC305-2EAA-4CAF-A9F2-78D2E4319A0D}.Release|Any CPU.ActiveCfg = Release|Any CPU
		{6DADC305-2EAA-4CAF-A9F2-78D2E4319A0D}.Release|Any CPU.Build.0 = Release|Any CPU
		{6DADC305-2EAA-4CAF-A9F2-78D2E4319A0D}.Release|Any CPU.Deploy.0 = Release|Any CPU
		{6DADC305-2EAA-4CAF-A9F2-78D2E4319A0D}.Release|ARM.ActiveCfg = Release|Any CPU
		{6DADC305-2EAA-4CAF-A9F2-78D2E4319A0D}.Release|ARM.Build.0 = Release|Any CPU
		{6DADC305-2EAA-4CAF-A9F2-78D2E4319A0D}.Release|ARM.Deploy.0 = Release|Any CPU
		{6DADC305-2EAA-4CAF-A9F2-78D2E4319A0D}.Release|iPhone.ActiveCfg = Release|Any CPU
		{6DADC305-2EAA-4CAF-A9F2-78D2E4319A0D}.Release|iPhone.Build.0 = Release|Any CPU
		{6DADC305-2EAA-4CAF-A9F2-78D2E4319A0D}.Release|iPhone.Deploy.0 = Release|Any CPU
		{6DADC305-2EAA-4CAF-A9F2-78D2E4319A0D}.Release|iPhoneSimulator.ActiveCfg = Release|Any CPU
		{6DADC305-2EAA-4CAF-A9F2-78D2E4319A0D}.Release|iPhoneSimulator.Build.0 = Release|Any CPU
		{6DADC305-2EAA-4CAF-A9F2-78D2E4319A0D}.Release|iPhoneSimulator.Deploy.0 = Release|Any CPU
		{6DADC305-2EAA-4CAF-A9F2-78D2E4319A0D}.Release|x64.ActiveCfg = Release|Any CPU
		{6DADC305-2EAA-4CAF-A9F2-78D2E4319A0D}.Release|x64.Build.0 = Release|Any CPU
		{6DADC305-2EAA-4CAF-A9F2-78D2E4319A0D}.Release|x64.Deploy.0 = Release|Any CPU
		{6DADC305-2EAA-4CAF-A9F2-78D2E4319A0D}.Release|x86.ActiveCfg = Release|Any CPU
		{6DADC305-2EAA-4CAF-A9F2-78D2E4319A0D}.Release|x86.Build.0 = Release|Any CPU
		{6DADC305-2EAA-4CAF-A9F2-78D2E4319A0D}.Release|x86.Deploy.0 = Release|Any CPU
		{12785FBF-C19F-43C2-93D5-666154E5E007}.Debug|Any CPU.ActiveCfg = Debug|iPhoneSimulator
		{12785FBF-C19F-43C2-93D5-666154E5E007}.Debug|Any CPU.Build.0 = Debug|iPhoneSimulator
		{12785FBF-C19F-43C2-93D5-666154E5E007}.Debug|Any CPU.Deploy.0 = Debug|iPhoneSimulator
		{12785FBF-C19F-43C2-93D5-666154E5E007}.Debug|ARM.ActiveCfg = Debug|iPhone
		{12785FBF-C19F-43C2-93D5-666154E5E007}.Debug|ARM.Build.0 = Debug|iPhone
		{12785FBF-C19F-43C2-93D5-666154E5E007}.Debug|ARM.Deploy.0 = Debug|iPhone
		{12785FBF-C19F-43C2-93D5-666154E5E007}.Debug|iPhone.ActiveCfg = Debug|iPhone
		{12785FBF-C19F-43C2-93D5-666154E5E007}.Debug|iPhone.Build.0 = Debug|iPhone
		{12785FBF-C19F-43C2-93D5-666154E5E007}.Debug|iPhone.Deploy.0 = Debug|iPhone
		{12785FBF-C19F-43C2-93D5-666154E5E007}.Debug|iPhoneSimulator.ActiveCfg = Debug|iPhoneSimulator
		{12785FBF-C19F-43C2-93D5-666154E5E007}.Debug|iPhoneSimulator.Build.0 = Debug|iPhoneSimulator
		{12785FBF-C19F-43C2-93D5-666154E5E007}.Debug|iPhoneSimulator.Deploy.0 = Debug|iPhoneSimulator
		{12785FBF-C19F-43C2-93D5-666154E5E007}.Debug|x64.ActiveCfg = Debug|iPhoneSimulator
		{12785FBF-C19F-43C2-93D5-666154E5E007}.Debug|x64.Build.0 = Debug|iPhoneSimulator
		{12785FBF-C19F-43C2-93D5-666154E5E007}.Debug|x64.Deploy.0 = Debug|iPhoneSimulator
		{12785FBF-C19F-43C2-93D5-666154E5E007}.Debug|x86.ActiveCfg = Debug|iPhoneSimulator
		{12785FBF-C19F-43C2-93D5-666154E5E007}.Debug|x86.Build.0 = Debug|iPhoneSimulator
		{12785FBF-C19F-43C2-93D5-666154E5E007}.Debug|x86.Deploy.0 = Debug|iPhoneSimulator
		{12785FBF-C19F-43C2-93D5-666154E5E007}.Release|Any CPU.ActiveCfg = Release|iPhoneSimulator
		{12785FBF-C19F-43C2-93D5-666154E5E007}.Release|Any CPU.Build.0 = Release|iPhoneSimulator
		{12785FBF-C19F-43C2-93D5-666154E5E007}.Release|Any CPU.Deploy.0 = Release|iPhoneSimulator
		{12785FBF-C19F-43C2-93D5-666154E5E007}.Release|ARM.ActiveCfg = Release|iPhoneSimulator
		{12785FBF-C19F-43C2-93D5-666154E5E007}.Release|ARM.Build.0 = Release|iPhoneSimulator
		{12785FBF-C19F-43C2-93D5-666154E5E007}.Release|ARM.Deploy.0 = Release|iPhoneSimulator
		{12785FBF-C19F-43C2-93D5-666154E5E007}.Release|iPhone.ActiveCfg = Release|iPhone
		{12785FBF-C19F-43C2-93D5-666154E5E007}.Release|iPhone.Build.0 = Release|iPhone
		{12785FBF-C19F-43C2-93D5-666154E5E007}.Release|iPhone.Deploy.0 = Release|iPhone
		{12785FBF-C19F-43C2-93D5-666154E5E007}.Release|iPhoneSimulator.ActiveCfg = Release|iPhoneSimulator
		{12785FBF-C19F-43C2-93D5-666154E5E007}.Release|iPhoneSimulator.Build.0 = Release|iPhoneSimulator
		{12785FBF-C19F-43C2-93D5-666154E5E007}.Release|iPhoneSimulator.Deploy.0 = Release|iPhoneSimulator
		{12785FBF-C19F-43C2-93D5-666154E5E007}.Release|x64.ActiveCfg = Release|iPhoneSimulator
		{12785FBF-C19F-43C2-93D5-666154E5E007}.Release|x64.Build.0 = Release|iPhoneSimulator
		{12785FBF-C19F-43C2-93D5-666154E5E007}.Release|x64.Deploy.0 = Release|iPhoneSimulator
		{12785FBF-C19F-43C2-93D5-666154E5E007}.Release|x86.ActiveCfg = Release|iPhoneSimulator
		{12785FBF-C19F-43C2-93D5-666154E5E007}.Release|x86.Build.0 = Release|iPhoneSimulator
		{12785FBF-C19F-43C2-93D5-666154E5E007}.Release|x86.Deploy.0 = Release|iPhoneSimulator
		{F915139D-7CCA-4FFC-BE3F-9439A3669164}.Debug|Any CPU.ActiveCfg = Debug|Any CPU
		{F915139D-7CCA-4FFC-BE3F-9439A3669164}.Debug|Any CPU.Build.0 = Debug|Any CPU
		{F915139D-7CCA-4FFC-BE3F-9439A3669164}.Debug|Any CPU.Deploy.0 = Debug|Any CPU
		{F915139D-7CCA-4FFC-BE3F-9439A3669164}.Debug|ARM.ActiveCfg = Debug|Any CPU
		{F915139D-7CCA-4FFC-BE3F-9439A3669164}.Debug|ARM.Build.0 = Debug|Any CPU
		{F915139D-7CCA-4FFC-BE3F-9439A3669164}.Debug|ARM.Deploy.0 = Debug|Any CPU
		{F915139D-7CCA-4FFC-BE3F-9439A3669164}.Debug|iPhone.ActiveCfg = Debug|Any CPU
		{F915139D-7CCA-4FFC-BE3F-9439A3669164}.Debug|iPhone.Build.0 = Debug|Any CPU
		{F915139D-7CCA-4FFC-BE3F-9439A3669164}.Debug|iPhone.Deploy.0 = Debug|Any CPU
		{F915139D-7CCA-4FFC-BE3F-9439A3669164}.Debug|iPhoneSimulator.ActiveCfg = Debug|Any CPU
		{F915139D-7CCA-4FFC-BE3F-9439A3669164}.Debug|iPhoneSimulator.Build.0 = Debug|Any CPU
		{F915139D-7CCA-4FFC-BE3F-9439A3669164}.Debug|iPhoneSimulator.Deploy.0 = Debug|Any CPU
		{F915139D-7CCA-4FFC-BE3F-9439A3669164}.Debug|x64.ActiveCfg = Debug|Any CPU
		{F915139D-7CCA-4FFC-BE3F-9439A3669164}.Debug|x64.Build.0 = Debug|Any CPU
		{F915139D-7CCA-4FFC-BE3F-9439A3669164}.Debug|x64.Deploy.0 = Debug|Any CPU
		{F915139D-7CCA-4FFC-BE3F-9439A3669164}.Debug|x86.ActiveCfg = Debug|Any CPU
		{F915139D-7CCA-4FFC-BE3F-9439A3669164}.Debug|x86.Build.0 = Debug|Any CPU
		{F915139D-7CCA-4FFC-BE3F-9439A3669164}.Debug|x86.Deploy.0 = Debug|Any CPU
		{F915139D-7CCA-4FFC-BE3F-9439A3669164}.Release|Any CPU.ActiveCfg = Release|Any CPU
		{F915139D-7CCA-4FFC-BE3F-9439A3669164}.Release|Any CPU.Build.0 = Release|Any CPU
		{F915139D-7CCA-4FFC-BE3F-9439A3669164}.Release|Any CPU.Deploy.0 = Release|Any CPU
		{F915139D-7CCA-4FFC-BE3F-9439A3669164}.Release|ARM.ActiveCfg = Release|Any CPU
		{F915139D-7CCA-4FFC-BE3F-9439A3669164}.Release|ARM.Build.0 = Release|Any CPU
		{F915139D-7CCA-4FFC-BE3F-9439A3669164}.Release|ARM.Deploy.0 = Release|Any CPU
		{F915139D-7CCA-4FFC-BE3F-9439A3669164}.Release|iPhone.ActiveCfg = Release|Any CPU
		{F915139D-7CCA-4FFC-BE3F-9439A3669164}.Release|iPhone.Build.0 = Release|Any CPU
		{F915139D-7CCA-4FFC-BE3F-9439A3669164}.Release|iPhone.Deploy.0 = Release|Any CPU
		{F915139D-7CCA-4FFC-BE3F-9439A3669164}.Release|iPhoneSimulator.ActiveCfg = Release|Any CPU
		{F915139D-7CCA-4FFC-BE3F-9439A3669164}.Release|iPhoneSimulator.Build.0 = Release|Any CPU
		{F915139D-7CCA-4FFC-BE3F-9439A3669164}.Release|iPhoneSimulator.Deploy.0 = Release|Any CPU
		{F915139D-7CCA-4FFC-BE3F-9439A3669164}.Release|x64.ActiveCfg = Release|Any CPU
		{F915139D-7CCA-4FFC-BE3F-9439A3669164}.Release|x64.Build.0 = Release|Any CPU
		{F915139D-7CCA-4FFC-BE3F-9439A3669164}.Release|x64.Deploy.0 = Release|Any CPU
		{F915139D-7CCA-4FFC-BE3F-9439A3669164}.Release|x86.ActiveCfg = Release|Any CPU
		{F915139D-7CCA-4FFC-BE3F-9439A3669164}.Release|x86.Build.0 = Release|Any CPU
		{F915139D-7CCA-4FFC-BE3F-9439A3669164}.Release|x86.Deploy.0 = Release|Any CPU
	EndGlobalSection
	GlobalSection(SolutionProperties) = preSolution
		HideSolutionNode = FALSE
	EndGlobalSection
	GlobalSection(ExtensibilityGlobals) = postSolution
		SolutionGuid = {C009FE22-806F-4B3A-B7EB-2D851CEC0BF9}
	EndGlobalSection
EndGlobal
